
Microsoft Visual Studio Solution File, Format Version 11.00
# Visual Studio 2010
Project("{FAE04EC0-301F-11D3-BF4B-00C04F79EFBC}") = "Assembly-CSharp", "Assembly-CSharp.csproj", "{903E923E-1A6F-29BD-1F02-2123E8445A27}"
EndProject
Global
	GlobalSection(SolutionConfigurationPlatforms) = preSolution
		Debug|Any CPU = Debug|Any CPU
		Release|Any CPU = Release|Any CPU
	EndGlobalSection
	GlobalSection(ProjectConfigurationPlatforms) = postSolution
		{903E923E-1A6F-29BD-1F02-2123E8445A27}.Debug|Any CPU.ActiveCfg = Debug|Any CPU
		{903E923E-1A6F-29BD-1F02-2123E8445A27}.Debug|Any CPU.Build.0 = Debug|Any CPU
		{903E923E-1A6F-29BD-1F02-2123E8445A27}.Release|Any CPU.ActiveCfg = Release|Any CPU
		{903E923E-1A6F-29BD-1F02-2123E8445A27}.Release|Any CPU.Build.0 = Release|Any CPU
	EndGlobalSection
	GlobalSection(SolutionProperties) = preSolution
		HideSolutionNode = FALSE
	EndGlobalSection
EndGlobal
